lockfileVersion: '9.0'

settings:
  autoInstallPeers: true
  excludeLinksFromLockfile: false

catalogs:
  default:
    lefthook:
      specifier: 1.8.1
      version: 1.8.1

importers:

  .:
    devDependencies:
      lefthook:
        specifier: 'catalog:'
        version: 1.8.1

packages:

  lefthook-darwin-arm64@1.8.1:
    resolution: {integrity: sha512-zTUb0NcMWKDqck9UobqJZCzihksk5Dv/D+zD3jrxi50vQvgl4wfTO3sP78WmVdhGkMCyHy5udOB+L72fyJqcdw==}
    cpu: [arm64]
    os: [darwin]

  lefthook-darwin-x64@1.8.1:
    resolution: {integrity: sha512-f9DY+UBd+g6TZ/nHdNZnfGeWT/0n18bkYi56biKEBXIgRlnuTNCrk0TUiSxlWF2GUQdxHM8YSWDkPRtHLg+3zg==}
    cpu: [x64]
    os: [darwin]

  lefthook-freebsd-arm64@1.8.1:
    resolution: {integrity: sha512-ZWx0PtYRtd0tlygUjLKP1eSztyLx2pOnI06h5/PyxWcmF+1/WjYPZM7Mt1nBwpqZcFNYkQ3VefFfg1f0URuLJQ==}
    cpu: [arm64]
    os: [freebsd]

  lefthook-freebsd-x64@1.8.1:
    resolution: {integrity: sha512-F5rd7JMwQJosZclsyqJciAn5CBZCZGTGEXLWEwOhgFZbbsUubGSekAhJNoHFm4eJZaDhhWnckghCjXCfBjDSYg==}
    cpu: [x64]
    os: [freebsd]

  lefthook-linux-arm64@1.8.1:
    resolution: {integrity: sha512-CTsqVHW2B291wLXonod1AMUJEOZqtG8lY+la97Id301kY4TzgbBKQvU2LF/hBIS8c62DjPMzEM4NYfbVzrK1QA==}
    cpu: [arm64]
    os: [linux]

  lefthook-linux-x64@1.8.1:
    resolution: {integrity: sha512-fw8WwUjr+mCfH/Gbmfj/7J0oX8NjfaACUQlYr3kVHz3c+LYMoRv7O/7dn2OXVO5vEdK5zH/NZlMml4C4qhxwEA==}
    cpu: [x64]
    os: [linux]

  lefthook-openbsd-arm64@1.8.1:
    resolution: {integrity: sha512-Za9K1ZAoRRM2Pq0eXZHbUppUZArZfgVcTDawKf/FRkbvAsTnBPEcH8Qtjcsm12qLQZ45KtPzZ/GEl/nxnWpeVQ==}
    cpu: [arm64]
    os: [openbsd]

  lefthook-openbsd-x64@1.8.1:
    resolution: {integrity: sha512-NgzcIouZobNZw1eEIC3Vh3z4bzVgIGIyJ41g5PGe6d1IXVkmnc5qpFP7jgnaaLK7TPahzIOREQrtYgR62Hg5bw==}
    cpu: [x64]
    os: [openbsd]

  lefthook-windows-arm64@1.8.1:
    resolution: {integrity: sha512-NUIwnV56YLUmHZf+C5gQA9tIdWjdHu5Ql6hNdFbYYrGxNvNFh2juHRaPKHUGjYk5iu9bxgjogw7mHfN+LanBcQ==}
    cpu: [arm64]
    os: [win32]

  lefthook-windows-x64@1.8.1:
    resolution: {integrity: sha512-9cnvWe8tYBwUxJFvW/TJ3P4Al+52QJcLdkJJ1aKgr3F7EydPPZk+jWFy0b1SSan1S7M7OuoPC9jcKS3PGjB6tw==}
    cpu: [x64]
    os: [win32]

  lefthook@1.8.1:
    resolution: {integrity: sha512-DTm2F7kf+mQ0UgxSOuCSIwAMC4RJOH5x77okcsFfeJOJ0y7/xGgpfmPb9ZPBDXeJ6UxfI0ngRgWoEctYMlMr4A==}
    hasBin: true

snapshots:

  lefthook-darwin-arm64@1.8.1:
    optional: true

  lefthook-darwin-x64@1.8.1:
    optional: true

  lefthook-freebsd-arm64@1.8.1:
    optional: true

  lefthook-freebsd-x64@1.8.1:
    optional: true

  lefthook-linux-arm64@1.8.1:
    optional: true

  lefthook-linux-x64@1.8.1:
    optional: true

  lefthook-openbsd-arm64@1.8.1:
    optional: true

  lefthook-openbsd-x64@1.8.1:
    optional: true

  lefthook-windows-arm64@1.8.1:
    optional: true

  lefthook-windows-x64@1.8.1:
    optional: true

  lefthook@1.8.1:
    optionalDependencies:
      lefthook-darwin-arm64: 1.8.1
      lefthook-darwin-x64: 1.8.1
      lefthook-freebsd-arm64: 1.8.1
      lefthook-freebsd-x64: 1.8.1
      lefthook-linux-arm64: 1.8.1
      lefthook-linux-x64: 1.8.1
      lefthook-openbsd-arm64: 1.8.1
      lefthook-openbsd-x64: 1.8.1
      lefthook-windows-arm64: 1.8.1
      lefthook-windows-x64: 1.8.1
